# This file is automatically @generated by Cargo.
# It is not intended for manual editing.
version = 3

[[package]]
name = "advent_core"
version = "0.1.0"

[[package]]
name = "prob1"
version = "0.1.0"
dependencies = [
 "advent_core",
]

[[package]]
name = "prob2"
version = "0.1.0"
dependencies = [
 "advent_core",
]

[[package]]
name = "prob3"
version = "0.1.0"
dependencies = [
 "advent_core",
]

[[package]]
name = "prob4"
version = "0.1.0"
dependencies = [
 "advent_core",
]
